
Microsoft Visual Studio Solution File, Format Version 12.00
# Visual Studio Version 16
VisualStudioVersion = 16.0.31911.196
MinimumVisualStudioVersion = 10.0.40219.1
Project("{FAE04EC0-301F-11D3-BF4B-00C04F79EFBC}") = "TextEditor", "TextEditor\TextEditor.csproj", "{AFBED9ED-C29C-419E-B04B-8AFB77CB0EA0}"
EndProject
Global
	GlobalSection(SolutionConfigurationPlatforms) = preSolution
		Debug|Any CPU = Debug|Any CPU
		Release|Any CPU = Release|Any CPU
	EndGlobalSection
	GlobalSection(ProjectConfigurationPlatforms) = postSolution
		{AFBED9ED-C29C-419E-B04B-8AFB77CB0EA0}.Debug|Any CPU.ActiveCfg = Debug|Any CPU
		{AFBED9ED-C29C-419E-B04B-8AFB77CB0EA0}.Debug|Any CPU.Build.0 = Debug|Any CPU
		{AFBED9ED-C29C-419E-B04B-8AFB77CB0EA0}.Release|Any CPU.ActiveCfg = Release|Any CPU
		{AFBED9ED-C29C-419E-B04B-8AFB77CB0EA0}.Release|Any CPU.Build.0 = Release|Any CPU
	EndGlobalSection
	GlobalSection(SolutionProperties) = preSolution
		HideSolutionNode = FALSE
	EndGlobalSection
	GlobalSection(ExtensibilityGlobals) = postSolution
		SolutionGuid = {3CA75EFF-1E9A-4561-8874-2216C2BD41BC}
	EndGlobalSection
EndGlobal
